
Microsoft Visual Studio Solution File, Format Version 12.00
# Visual Studio Version 17
VisualStudioVersion = 17.2.32630.192
MinimumVisualStudioVersion = 10.0.40219.1
Project("{FAE04EC0-301F-11D3-BF4B-00C04F79EFBC}") = "ArrayList_Exercise", "ArrayList\ArrayList_Exercise.csproj", "{257AB932-4DE8-4C72-8FD7-2A9BB0A60D64}"
EndProject
Global
	GlobalSection(SolutionConfigurationPlatforms) = preSolution
		Debug|Any CPU = Debug|Any CPU
		Release|Any CPU = Release|Any CPU
	EndGlobalSection
	GlobalSection(ProjectConfigurationPlatforms) = postSolution
		{257AB932-4DE8-4C72-8FD7-2A9BB0A60D64}.Debug|Any CPU.ActiveCfg = Debug|Any CPU
		{257AB932-4DE8-4C72-8FD7-2A9BB0A60D64}.Debug|Any CPU.Build.0 = Debug|Any CPU
		{257AB932-4DE8-4C72-8FD7-2A9BB0A60D64}.Release|Any CPU.ActiveCfg = Release|Any CPU
		{257AB932-4DE8-4C72-8FD7-2A9BB0A60D64}.Release|Any CPU.Build.0 = Release|Any CPU
	EndGlobalSection
	GlobalSection(SolutionProperties) = preSolution
		HideSolutionNode = FALSE
	EndGlobalSection
	GlobalSection(ExtensibilityGlobals) = postSolution
		SolutionGuid = {51B64274-646E-4B2E-8652-99BDAD62B392}
	EndGlobalSection
EndGlobal
